<?xml version="1.0" encoding="utf-8"?>
<Project ToolsVersion="17.0" xmlns="http://schemas.microsoft.com/developer/msbuild/2003">
  <ItemGroup>
    <CustomBuild Include="C:\Build\лаба 4 сфмл\CMakeFiles\56312c2021a92d283d034017d0d3bb2a\generate.stamp.rule">
      <Filter>CMake Rules</Filter>
    </CustomBuild>
  </ItemGroup>
  <ItemGroup>
    <Filter Include="CMake Rules">
      <UniqueIdentifier>{697A502E-C7BD-3A53-B00D-5CD8916AD1B3}</UniqueIdentifier>
    </Filter>
  </ItemGroup>
</Project>
